<Solution>
  <Folder Name="/src/">
    <Project Path="src/TaskHive.Core/TaskHive.Core.csproj" />
    <Project Path="src/TaskHive.Web/TaskHive.Web.csproj" />
  </Folder>
  <Folder Name="/tests/">
    <Project Path="tests/TaskHive.Tests/TaskHive.Tests.csproj" />
    <Project Path="tests/TaskHive.Web.Tests/TaskHive.Web.Tests.csproj" />
  </Folder>
</Solution>
